
Microsoft Visual Studio Solution File, Format Version 12.00
# Visual Studio Version 16
VisualStudioVersion = 16.0.32228.343
MinimumVisualStudioVersion = 10.0.40219.1
Project("{9A19103F-16F7-4668-BE54-9A1E7A4F7556}") = "AdventOfCode", "AdventOfCode\AdventOfCode.csproj", "{17366DBA-A1E1-4FBF-B825-7C55D564AD8E}"
EndProject
Project("{FAE04EC0-301F-11D3-BF4B-00C04F79EFBC}") = "AdventOfCode.Tests", "AdventOfCode.Tests\AdventOfCode.Tests.csproj", "{C7D2B7C0-2DFC-4D76-8393-487F8394C439}"
EndProject
Global
	GlobalSection(SolutionConfigurationPlatforms) = preSolution
		Debug|Any CPU = Debug|Any CPU
		Release|Any CPU = Release|Any CPU
	EndGlobalSection
	GlobalSection(ProjectConfigurationPlatforms) = postSolution
		{17366DBA-A1E1-4FBF-B825-7C55D564AD8E}.Debug|Any CPU.ActiveCfg = Debug|Any CPU
		{17366DBA-A1E1-4FBF-B825-7C55D564AD8E}.Debug|Any CPU.Build.0 = Debug|Any CPU
		{17366DBA-A1E1-4FBF-B825-7C55D564AD8E}.Release|Any CPU.ActiveCfg = Release|Any CPU
		{17366DBA-A1E1-4FBF-B825-7C55D564AD8E}.Release|Any CPU.Build.0 = Release|Any CPU
		{C7D2B7C0-2DFC-4D76-8393-487F8394C439}.Debug|Any CPU.ActiveCfg = Debug|Any CPU
		{C7D2B7C0-2DFC-4D76-8393-487F8394C439}.Debug|Any CPU.Build.0 = Debug|Any CPU
		{C7D2B7C0-2DFC-4D76-8393-487F8394C439}.Release|Any CPU.ActiveCfg = Release|Any CPU
		{C7D2B7C0-2DFC-4D76-8393-487F8394C439}.Release|Any CPU.Build.0 = Release|Any CPU
	EndGlobalSection
	GlobalSection(SolutionProperties) = preSolution
		HideSolutionNode = FALSE
	EndGlobalSection
	GlobalSection(ExtensibilityGlobals) = postSolution
		SolutionGuid = {FD004B4F-C6B2-4AB3-9F63-CB8166B0F03E}
	EndGlobalSection
EndGlobal
